
Microsoft Visual Studio Solution File, Format Version 12.00
# Visual Studio 14
VisualStudioVersion = 14.0.25420.1
MinimumVisualStudioVersion = 10.0.40219.1
Project("{FAE04EC0-301F-11D3-BF4B-00C04F79EFBC}") = "Net.Appclusive.Workflows", "Net.Appclusive.Workflows\Net.Appclusive.Workflows.csproj", "{27E3D4BB-3371-4CAA-862A-43FB64264143}"
EndProject
Project("{FAE04EC0-301F-11D3-BF4B-00C04F79EFBC}") = "Net.Appclusive.Workflows.Design", "Net.Appclusive.Workflows.Design\Net.Appclusive.Workflows.Design.csproj", "{4F8FB1BA-F18F-4FD7-B15D-C13BDE230697}"
EndProject
Project("{FAE04EC0-301F-11D3-BF4B-00C04F79EFBC}") = "Net.Appclusive.Workflows.Tests", "Net.Appclusive.Workflows.Tests\Net.Appclusive.Workflows.Tests.csproj", "{D40F6154-5DBB-49F4-85AA-41E8BAE261E1}"
EndProject
Project("{2150E333-8FDC-42A3-9474-1A3956D46DE8}") = "Versioning", "Versioning", "{BFD5ADC2-1FF8-43CF-8C34-D0277694A1B2}"
	ProjectSection(SolutionItems) = preProject
		CommonAssemblySettings.cs = CommonAssemblySettings.cs
	EndProjectSection
EndProject
Project("{FAE04EC0-301F-11D3-BF4B-00C04F79EFBC}") = "Net.Appclusive.Workflows.Public", "Net.Appclusive.Workflows.Public\Net.Appclusive.Workflows.Public.csproj", "{CA5CC367-8756-4475-980B-E7F04D33CD9C}"
EndProject
Project("{FAE04EC0-301F-11D3-BF4B-00C04F79EFBC}") = "Net.Appclusive.Public", "..\..\Net.Appclusive.Public\src\Net.Appclusive.Public\Net.Appclusive.Public.csproj", "{5ED5A163-5CBF-4A5B-913A-51BCE3E1B6DA}"
EndProject
Global
	GlobalSection(SolutionConfigurationPlatforms) = preSolution
		Debug|Any CPU = Debug|Any CPU
		Release|Any CPU = Release|Any CPU
	EndGlobalSection
	GlobalSection(ProjectConfigurationPlatforms) = postSolution
		{27E3D4BB-3371-4CAA-862A-43FB64264143}.Debug|Any CPU.ActiveCfg = Debug|Any CPU
		{27E3D4BB-3371-4CAA-862A-43FB64264143}.Debug|Any CPU.Build.0 = Debug|Any CPU
		{27E3D4BB-3371-4CAA-862A-43FB64264143}.Release|Any CPU.ActiveCfg = Release|Any CPU
		{27E3D4BB-3371-4CAA-862A-43FB64264143}.Release|Any CPU.Build.0 = Release|Any CPU
		{4F8FB1BA-F18F-4FD7-B15D-C13BDE230697}.Debug|Any CPU.ActiveCfg = Debug|Any CPU
		{4F8FB1BA-F18F-4FD7-B15D-C13BDE230697}.Debug|Any CPU.Build.0 = Debug|Any CPU
		{4F8FB1BA-F18F-4FD7-B15D-C13BDE230697}.Release|Any CPU.ActiveCfg = Release|Any CPU
		{4F8FB1BA-F18F-4FD7-B15D-C13BDE230697}.Release|Any CPU.Build.0 = Release|Any CPU
		{D40F6154-5DBB-49F4-85AA-41E8BAE261E1}.Debug|Any CPU.ActiveCfg = Debug|Any CPU
		{D40F6154-5DBB-49F4-85AA-41E8BAE261E1}.Debug|Any CPU.Build.0 = Debug|Any CPU
		{D40F6154-5DBB-49F4-85AA-41E8BAE261E1}.Release|Any CPU.ActiveCfg = Release|Any CPU
		{D40F6154-5DBB-49F4-85AA-41E8BAE261E1}.Release|Any CPU.Build.0 = Release|Any CPU
		{CA5CC367-8756-4475-980B-E7F04D33CD9C}.Debug|Any CPU.ActiveCfg = Debug|Any CPU
		{CA5CC367-8756-4475-980B-E7F04D33CD9C}.Debug|Any CPU.Build.0 = Debug|Any CPU
		{CA5CC367-8756-4475-980B-E7F04D33CD9C}.Release|Any CPU.ActiveCfg = Release|Any CPU
		{CA5CC367-8756-4475-980B-E7F04D33CD9C}.Release|Any CPU.Build.0 = Release|Any CPU
		{5ED5A163-5CBF-4A5B-913A-51BCE3E1B6DA}.Debug|Any CPU.ActiveCfg = Debug|Any CPU
		{5ED5A163-5CBF-4A5B-913A-51BCE3E1B6DA}.Debug|Any CPU.Build.0 = Debug|Any CPU
		{5ED5A163-5CBF-4A5B-913A-51BCE3E1B6DA}.Release|Any CPU.ActiveCfg = Release|Any CPU
		{5ED5A163-5CBF-4A5B-913A-51BCE3E1B6DA}.Release|Any CPU.Build.0 = Release|Any CPU
	EndGlobalSection
	GlobalSection(SolutionProperties) = preSolution
		HideSolutionNode = FALSE
	EndGlobalSection
EndGlobal
